
Microsoft Visual Studio Solution File, Format Version 12.00
# Visual Studio Version 16
VisualStudioVersion = 16.0.30907.101
MinimumVisualStudioVersion = 10.0.40219.1
Project("{FAE04EC0-301F-11D3-BF4B-00C04F79EFBC}") = "WpfApp3", "WpfApp3.csproj", "{EAF63105-B12A-4174-B383-9BDEEC301FF8}"
EndProject
Global
	GlobalSection(SolutionConfigurationPlatforms) = preSolution
		Debug|Any CPU = Debug|Any CPU
		Release|Any CPU = Release|Any CPU
	EndGlobalSection
	GlobalSection(ProjectConfigurationPlatforms) = postSolution
		{EAF63105-B12A-4174-B383-9BDEEC301FF8}.Debug|Any CPU.ActiveCfg = Debug|Any CPU
		{EAF63105-B12A-4174-B383-9BDEEC301FF8}.Debug|Any CPU.Build.0 = Debug|Any CPU
		{EAF63105-B12A-4174-B383-9BDEEC301FF8}.Release|Any CPU.ActiveCfg = Release|Any CPU
		{EAF63105-B12A-4174-B383-9BDEEC301FF8}.Release|Any CPU.Build.0 = Release|Any CPU
	EndGlobalSection
	GlobalSection(SolutionProperties) = preSolution
		HideSolutionNode = FALSE
	EndGlobalSection
	GlobalSection(ExtensibilityGlobals) = postSolution
		SolutionGuid = {B6D73414-8CE5-4A43-B9DB-4DC8D3215281}
	EndGlobalSection
EndGlobal
