
Microsoft Visual Studio Solution File, Format Version 12.00
# Visual Studio 15
VisualStudioVersion = 15.0.28307.1927
MinimumVisualStudioVersion = 10.0.40219.1
Project("{FAE04EC0-301F-11D3-BF4B-00C04F79EFBC}") = "Watcha_crawling", "Watcha_crawling\Watcha_crawling.csproj", "{AF33E6EA-8B4C-4C07-8927-0A7707335118}"
EndProject
Global
	GlobalSection(SolutionConfigurationPlatforms) = preSolution
		Debug|Any CPU = Debug|Any CPU
		Release|Any CPU = Release|Any CPU
	EndGlobalSection
	GlobalSection(ProjectConfigurationPlatforms) = postSolution
		{AF33E6EA-8B4C-4C07-8927-0A7707335118}.Debug|Any CPU.ActiveCfg = Debug|Any CPU
		{AF33E6EA-8B4C-4C07-8927-0A7707335118}.Debug|Any CPU.Build.0 = Debug|Any CPU
		{AF33E6EA-8B4C-4C07-8927-0A7707335118}.Release|Any CPU.ActiveCfg = Release|Any CPU
		{AF33E6EA-8B4C-4C07-8927-0A7707335118}.Release|Any CPU.Build.0 = Release|Any CPU
	EndGlobalSection
	GlobalSection(SolutionProperties) = preSolution
		HideSolutionNode = FALSE
	EndGlobalSection
	GlobalSection(ExtensibilityGlobals) = postSolution
		SolutionGuid = {ADB2F532-F7AE-4978-9822-13A7B837501A}
	EndGlobalSection
EndGlobal
